
Microsoft Visual Studio Solution File, Format Version 12.00
# Visual Studio Version 17
VisualStudioVersion = 17.7.34202.233
MinimumVisualStudioVersion = 10.0.40219.1
Project("{FAE04EC0-301F-11D3-BF4B-00C04F79EFBC}") = "stopwatch", "stopwatch\stopwatch.csproj", "{40508232-D126-4A66-982A-88E0FA2704DC}"
EndProject
Global
	GlobalSection(SolutionConfigurationPlatforms) = preSolution
		Debug|Any CPU = Debug|Any CPU
		Release|Any CPU = Release|Any CPU
	EndGlobalSection
	GlobalSection(ProjectConfigurationPlatforms) = postSolution
		{40508232-D126-4A66-982A-88E0FA2704DC}.Debug|Any CPU.ActiveCfg = Debug|Any CPU
		{40508232-D126-4A66-982A-88E0FA2704DC}.Debug|Any CPU.Build.0 = Debug|Any CPU
		{40508232-D126-4A66-982A-88E0FA2704DC}.Release|Any CPU.ActiveCfg = Release|Any CPU
		{40508232-D126-4A66-982A-88E0FA2704DC}.Release|Any CPU.Build.0 = Release|Any CPU
	EndGlobalSection
	GlobalSection(SolutionProperties) = preSolution
		HideSolutionNode = FALSE
	EndGlobalSection
	GlobalSection(ExtensibilityGlobals) = postSolution
		SolutionGuid = {889BF57D-EA3D-4E35-ADF3-697A630E8ADE}
	EndGlobalSection
EndGlobal
